
Microsoft Visual Studio Solution File, Format Version 12.00
# Visual Studio Version 16
VisualStudioVersion = 16.0.29215.179
MinimumVisualStudioVersion = 10.0.40219.1
Project("{FAE04EC0-301F-11D3-BF4B-00C04F79EFBC}") = "PluginInterface", "PluginInterface\PluginInterface.csproj", "{5CACB309-5D87-4E86-8FEB-1388D708F2FB}"
EndProject
Global
	GlobalSection(SolutionConfigurationPlatforms) = preSolution
		Debug|Any CPU = Debug|Any CPU
		Release|Any CPU = Release|Any CPU
	EndGlobalSection
	GlobalSection(ProjectConfigurationPlatforms) = postSolution
		{5CACB309-5D87-4E86-8FEB-1388D708F2FB}.Debug|Any CPU.ActiveCfg = Debug|Any CPU
		{5CACB309-5D87-4E86-8FEB-1388D708F2FB}.Debug|Any CPU.Build.0 = Debug|Any CPU
		{5CACB309-5D87-4E86-8FEB-1388D708F2FB}.Release|Any CPU.ActiveCfg = Release|Any CPU
		{5CACB309-5D87-4E86-8FEB-1388D708F2FB}.Release|Any CPU.Build.0 = Release|Any CPU
	EndGlobalSection
	GlobalSection(SolutionProperties) = preSolution
		HideSolutionNode = FALSE
	EndGlobalSection
	GlobalSection(ExtensibilityGlobals) = postSolution
		SolutionGuid = {91FA0945-B30E-446A-8DBE-05119A09794C}
	EndGlobalSection
EndGlobal
